// !$*UTF8*$!
{
	archiveVersion = 1;
	classes = {
	};
	objectVersion = 51;
	objects = {

/* Begin PBXBuildFile section */
		862E118D253FA09400D87529 /* SwiftyJSON.framework in Frameworks */ = {isa = PBXBuildFile; fileRef = 862E118C253FA09400D87529 /* SwiftyJSON.framework */; };
		862F58182538F368003693B3 /* TrackAndTraceApp.swift in Sources */ = {isa = PBXBuildFile; fileRef = 862F58172538F368003693B3 /* TrackAndTraceApp.swift */; };
		862F581C2538F36B003693B3 /* Assets.xcassets in Resources */ = {isa = PBXBuildFile; fileRef = 862F581B2538F36B003693B3 /* Assets.xcassets */; };
		862F581F2538F36B003693B3 /* Preview Assets.xcassets in Resources */ = {isa = PBXBuildFile; fileRef = 862F581E2538F36B003693B3 /* Preview Assets.xcassets */; };
		86C2B9C7253F93A80052CAC8 /* Alamofire.framework in Frameworks */ = {isa = PBXBuildFile; fileRef = 86C2B9C6253F93A80052CAC8 /* Alamofire.framework */; };
		BB01520AF8CF4BC5A698424D /* StartView.swift in Sources */ = {isa = PBXBuildFile; fileRef = BB015CCC6668223B558A2902 /* StartView.swift */; };
		BB0153A58296DF5F8095840A /* HomeView.swift in Sources */ = {isa = PBXBuildFile; fileRef = BB0150067D775033C8A6F429 /* HomeView.swift */; };
		BB015412A01316A2653052C7 /* LoginView.swift in Sources */ = {isa = PBXBuildFile; fileRef = BB0159D8708B9000FC0FCE0C /* LoginView.swift */; };
		BB01558E800264CC377B6067 /* ALoginView.swift in Sources */ = {isa = PBXBuildFile; fileRef = BB0154EA3BE59B77FD808D84 /* ALoginView.swift */; };
		BB01565A4DE12698D91620FE /* SignInController.swift in Sources */ = {isa = PBXBuildFile; fileRef = BB015EEBD4D37C55411C3F41 /* SignInController.swift */; };
		BB0156F8459E858D9F1F1A94 /* SettingsTabView.swift in Sources */ = {isa = PBXBuildFile; fileRef = BB015ECF0A0304BA4026F7A3 /* SettingsTabView.swift */; };
		BB0158977F3E53AABFA7E0FF /* HomeTabView.swift in Sources */ = {isa = PBXBuildFile; fileRef = BB0159DC382FB13F945095C0 /* HomeTabView.swift */; };
		BB015A9401464A9167A50175 /* Server.swift in Sources */ = {isa = PBXBuildFile; fileRef = BB015695D958294003ED162B /* Server.swift */; };
		BB015D502B90190D545A67D9 /* GettingStartedView.swift in Sources */ = {isa = PBXBuildFile; fileRef = BB0154071C6129D17DC280E0 /* GettingStartedView.swift */; };
		BB015F4F124566C44C6E7B44 /* User.swift in Sources */ = {isa = PBXBuildFile; fileRef = BB01507A2A48F245B91BA438 /* User.swift */; };
		F85B7F689D108E4A8A02DF55 /* Pods_TrackAndTrace.framework in Frameworks */ = {isa = PBXBuildFile; fileRef = 9591F4F3241310BC7DE6487A /* Pods_TrackAndTrace.framework */; };
/* End PBXBuildFile section */

/* Begin PBXFileReference section */
		78A0C9CBCB7D1966B8A37611 /* Pods-TrackAndTrace.release.xcconfig */ = {isa = PBXFileReference; includeInIndex = 1; lastKnownFileType = text.xcconfig; name = "Pods-TrackAndTrace.release.xcconfig"; path = "Target Support Files/Pods-TrackAndTrace/Pods-TrackAndTrace.release.xcconfig"; sourceTree = "<group>"; };
		862E118C253FA09400D87529 /* SwiftyJSON.framework */ = {isa = PBXFileReference; explicitFileType = wrapper.framework; path = SwiftyJSON.framework; sourceTree = BUILT_PRODUCTS_DIR; };
		862F58142538F368003693B3 /* TrackAndTrace.app */ = {isa = PBXFileReference; explicitFileType = wrapper.application; includeInIndex = 0; path = TrackAndTrace.app; sourceTree = BUILT_PRODUCTS_DIR; };
		862F58172538F368003693B3 /* TrackAndTraceApp.swift */ = {isa = PBXFileReference; lastKnownFileType = sourcecode.swift; path = TrackAndTraceApp.swift; sourceTree = "<group>"; };
		862F581B2538F36B003693B3 /* Assets.xcassets */ = {isa = PBXFileReference; lastKnownFileType = folder.assetcatalog; path = Assets.xcassets; sourceTree = "<group>"; };
		862F581E2538F36B003693B3 /* Preview Assets.xcassets */ = {isa = PBXFileReference; lastKnownFileType = folder.assetcatalog; path = "Preview Assets.xcassets"; sourceTree = "<group>"; };
		862F58202538F36B003693B3 /* Info.plist */ = {isa = PBXFileReference; lastKnownFileType = text.plist.xml; path = Info.plist; sourceTree = "<group>"; };
		86C2B9C6253F93A80052CAC8 /* Alamofire.framework */ = {isa = PBXFileReference; explicitFileType = wrapper.framework; path = Alamofire.framework; sourceTree = BUILT_PRODUCTS_DIR; };
		9591F4F3241310BC7DE6487A /* Pods_TrackAndTrace.framework */ = {isa = PBXFileReference; explicitFileType = wrapper.framework; includeInIndex = 0; path = Pods_TrackAndTrace.framework; sourceTree = BUILT_PRODUCTS_DIR; };
		9AA0D8DE024AE80F2F90858E /* Pods-TrackAndTrace.debug.xcconfig */ = {isa = PBXFileReference; includeInIndex = 1; lastKnownFileType = text.xcconfig; name = "Pods-TrackAndTrace.debug.xcconfig"; path = "Target Support Files/Pods-TrackAndTrace/Pods-TrackAndTrace.debug.xcconfig"; sourceTree = "<group>"; };
		BB0150067D775033C8A6F429 /* HomeView.swift */ = {isa = PBXFileReference; fileEncoding = 4; lastKnownFileType = sourcecode.swift; path = HomeView.swift; sourceTree = "<group>"; };
		BB01507A2A48F245B91BA438 /* User.swift */ = {isa = PBXFileReference; fileEncoding = 4; lastKnownFileType = sourcecode.swift; path = User.swift; sourceTree = "<group>"; };
		BB0154071C6129D17DC280E0 /* GettingStartedView.swift */ = {isa = PBXFileReference; fileEncoding = 4; lastKnownFileType = sourcecode.swift; path = GettingStartedView.swift; sourceTree = "<group>"; };
		BB0154EA3BE59B77FD808D84 /* ALoginView.swift */ = {isa = PBXFileReference; fileEncoding = 4; lastKnownFileType = sourcecode.swift; path = ALoginView.swift; sourceTree = "<group>"; };
		BB015695D958294003ED162B /* Server.swift */ = {isa = PBXFileReference; fileEncoding = 4; lastKnownFileType = sourcecode.swift; path = Server.swift; sourceTree = "<group>"; };
		BB0159D8708B9000FC0FCE0C /* LoginView.swift */ = {isa = PBXFileReference; fileEncoding = 4; lastKnownFileType = sourcecode.swift; name = LoginView.swift; path = Pods/LoginView.swift; sourceTree = SOURCE_ROOT; };
		BB0159DC382FB13F945095C0 /* HomeTabView.swift */ = {isa = PBXFileReference; fileEncoding = 4; lastKnownFileType = sourcecode.swift; path = HomeTabView.swift; sourceTree = "<group>"; };
		BB015CCC6668223B558A2902 /* StartView.swift */ = {isa = PBXFileReference; fileEncoding = 4; lastKnownFileType = sourcecode.swift; path = StartView.swift; sourceTree = "<group>"; };
		BB015ECF0A0304BA4026F7A3 /* SettingsTabView.swift */ = {isa = PBXFileReference; fileEncoding = 4; lastKnownFileType = sourcecode.swift; path = SettingsTabView.swift; sourceTree = "<group>"; };
		BB015EEBD4D37C55411C3F41 /* SignInController.swift */ = {isa = PBXFileReference; fileEncoding = 4; lastKnownFileType = sourcecode.swift; path = SignInController.swift; sourceTree = "<group>"; };
/* End PBXFileReference section */

/* Begin PBXFrameworksBuildPhase section */
		862F58112538F368003693B3 /* Frameworks */ = {
			isa = PBXFrameworksBuildPhase;
			buildActionMask = 2147483647;
			files = (
				F85B7F689D108E4A8A02DF55 /* Pods_TrackAndTrace.framework in Frameworks */,
				86C2B9C7253F93A80052CAC8 /* Alamofire.framework in Frameworks */,
				862E118D253FA09400D87529 /* SwiftyJSON.framework in Frameworks */,
			);
			runOnlyForDeploymentPostprocessing = 0;
		};
/* End PBXFrameworksBuildPhase section */

/* Begin PBXGroup section */
		862F580B2538F368003693B3 = {
			isa = PBXGroup;
			children = (
				862F58162538F368003693B3 /* TrackAndTrace */,
				862F58152538F368003693B3 /* Products */,
				A0D27F34AFF439821C1E3A23 /* Pods */,
				B02FE9F93F10C7BA4FC00EEA /* Frameworks */,
			);
			sourceTree = "<group>";
		};
		862F58152538F368003693B3 /* Products */ = {
			isa = PBXGroup;
			children = (
				862F58142538F368003693B3 /* TrackAndTrace.app */,
			);
			name = Products;
			sourceTree = "<group>";
		};
		862F58162538F368003693B3 /* TrackAndTrace */ = {
			isa = PBXGroup;
			children = (
				862F58172538F368003693B3 /* TrackAndTraceApp.swift */,
				862F581B2538F36B003693B3 /* Assets.xcassets */,
				862F58202538F36B003693B3 /* Info.plist */,
				862F581D2538F36B003693B3 /* Preview Content */,
				BB015BC5E520010269FAB0F1 /* Views */,
				BB015C5E163A16F8D54E1594 /* UI */,
				BB015695D958294003ED162B /* Server.swift */,
				BB01576AC1188FB3B00C51FE /* Controllers */,
				BB015269796440F753F20B35 /* Models */,
			);
			path = TrackAndTrace;
			sourceTree = "<group>";
		};
		862F581D2538F36B003693B3 /* Preview Content */ = {
			isa = PBXGroup;
			children = (
				862F581E2538F36B003693B3 /* Preview Assets.xcassets */,
			);
			path = "Preview Content";
			sourceTree = "<group>";
		};
		A0D27F34AFF439821C1E3A23 /* Pods */ = {
			isa = PBXGroup;
			children = (
				9AA0D8DE024AE80F2F90858E /* Pods-TrackAndTrace.debug.xcconfig */,
				78A0C9CBCB7D1966B8A37611 /* Pods-TrackAndTrace.release.xcconfig */,
			);
			path = Pods;
			sourceTree = "<group>";
		};
		B02FE9F93F10C7BA4FC00EEA /* Frameworks */ = {
			isa = PBXGroup;
			children = (
				862E118C253FA09400D87529 /* SwiftyJSON.framework */,
				86C2B9C6253F93A80052CAC8 /* Alamofire.framework */,
				9591F4F3241310BC7DE6487A /* Pods_TrackAndTrace.framework */,
			);
			name = Frameworks;
			sourceTree = "<group>";
		};
		BB015269796440F753F20B35 /* Models */ = {
			isa = PBXGroup;
			children = (
				BB01507A2A48F245B91BA438 /* User.swift */,
			);
			path = Models;
			sourceTree = "<group>";
		};
		BB01576AC1188FB3B00C51FE /* Controllers */ = {
			isa = PBXGroup;
			children = (
				BB015EEBD4D37C55411C3F41 /* SignInController.swift */,
			);
			path = Controllers;
			sourceTree = "<group>";
		};
		BB015BC5E520010269FAB0F1 /* Views */ = {
			isa = PBXGroup;
			children = (
				BB015CCC6668223B558A2902 /* StartView.swift */,
				BB0154071C6129D17DC280E0 /* GettingStartedView.swift */,
				BB0154EA3BE59B77FD808D84 /* ALoginView.swift */,
				BB0159D8708B9000FC0FCE0C /* LoginView.swift */,
				BB0150067D775033C8A6F429 /* HomeView.swift */,
				BB015C273B1A6F4075B83A18 /* TabViews */,
			);
			path = Views;
			sourceTree = "<group>";
		};
		BB015C273B1A6F4075B83A18 /* TabViews */ = {
			isa = PBXGroup;
			children = (
				BB0159DC382FB13F945095C0 /* HomeTabView.swift */,
				BB015ECF0A0304BA4026F7A3 /* SettingsTabView.swift */,
			);
			path = TabViews;
			sourceTree = "<group>";
		};
		BB015C5E163A16F8D54E1594 /* UI */ = {
			isa = PBXGroup;
			children = (
			);
			path = UI;
			sourceTree = "<group>";
		};
/* End PBXGroup section */

/* Begin PBXNativeTarget section */
		862F58132538F368003693B3 /* TrackAndTrace */ = {
			isa = PBXNativeTarget;
			buildConfigurationList = 862F58232538F36B003693B3 /* Build configuration list for PBXNativeTarget "TrackAndTrace" */;
			buildPhases = (
				A9C0F6336328029D0AF23A19 /* [CP] Check Pods Manifest.lock */,
				862F58102538F368003693B3 /* Sources */,
				862F58112538F368003693B3 /* Frameworks */,
				862F58122538F368003693B3 /* Resources */,
				CDB3C47375013E7EE0838BA3 /* [CP] Embed Pods Frameworks */,
			);
			buildRules = (
			);
			dependencies = (
			);
			name = TrackAndTrace;
			productName = TrackAndTrace;
			productReference = 862F58142538F368003693B3 /* TrackAndTrace.app */;
			productType = "com.apple.product-type.application";
		};
/* End PBXNativeTarget section */

/* Begin PBXProject section */
		862F580C2538F368003693B3 /* Project object */ = {
			isa = PBXProject;
			attributes = {
				LastSwiftUpdateCheck = 1220;
				LastUpgradeCheck = 1220;
				TargetAttributes = {
					862F58132538F368003693B3 = {
						CreatedOnToolsVersion = 12.2;
					};
				};
			};
			buildConfigurationList = 862F580F2538F368003693B3 /* Build configuration list for PBXProject "TrackAndTrace" */;
			compatibilityVersion = "Xcode 9.3";
			developmentRegion = en;
			hasScannedForEncodings = 0;
			knownRegions = (
				en,
				Base,
			);
			mainGroup = 862F580B2538F368003693B3;
			productRefGroup = 862F58152538F368003693B3 /* Products */;
			projectDirPath = "";
			projectRoot = "";
			targets = (
				862F58132538F368003693B3 /* TrackAndTrace */,
			);
		};
/* End PBXProject section */

/* Begin PBXResourcesBuildPhase section */
		862F58122538F368003693B3 /* Resources */ = {
			isa = PBXResourcesBuildPhase;
			buildActionMask = 2147483647;
			files = (
				862F581F2538F36B003693B3 /* Preview Assets.xcassets in Resources */,
				862F581C2538F36B003693B3 /* Assets.xcassets in Resources */,
			);
			runOnlyForDeploymentPostprocessing = 0;
		};
/* End PBXResourcesBuildPhase section */

/* Begin PBXShellScriptBuildPhase section */
		A9C0F6336328029D0AF23A19 /* [CP] Check Pods Manifest.lock */ = {
			isa = PBXShellScriptBuildPhase;
			buildActionMask = 2147483647;
			files = (
			);
			inputFileListPaths = (
			);
			inputPaths = (
				"${PODS_PODFILE_DIR_PATH}/Podfile.lock",
				"${PODS_ROOT}/Manifest.lock",
			);
			name = "[CP] Check Pods Manifest.lock";
			outputFileListPaths = (
			);
			outputPaths = (
				"$(DERIVED_FILE_DIR)/Pods-TrackAndTrace-checkManifestLockResult.txt",
			);
			runOnlyForDeploymentPostprocessing = 0;
			shellPath = /bin/sh;
			shellScript = "diff \"${PODS_PODFILE_DIR_PATH}/Podfile.lock\" \"${PODS_ROOT}/Manifest.lock\" > /dev/null\nif [ $? != 0 ] ; then\n    # print error to STDERR\n    echo \"error: The sandbox is not in sync with the Podfile.lock. Run 'pod install' or update your CocoaPods installation.\" >&2\n    exit 1\nfi\n# This output is used by Xcode 'outputs' to avoid re-running this script phase.\necho \"SUCCESS\" > \"${SCRIPT_OUTPUT_FILE_0}\"\n";
			showEnvVarsInLog = 0;
		};
		CDB3C47375013E7EE0838BA3 /* [CP] Embed Pods Frameworks */ = {
			isa = PBXShellScriptBuildPhase;
			buildActionMask = 2147483647;
			files = (
			);
			inputFileListPaths = (
				"${PODS_ROOT}/Target Support Files/Pods-TrackAndTrace/Pods-TrackAndTrace-frameworks-${CONFIGURATION}-input-files.xcfilelist",
			);
			name = "[CP] Embed Pods Frameworks";
			outputFileListPaths = (
				"${PODS_ROOT}/Target Support Files/Pods-TrackAndTrace/Pods-TrackAndTrace-frameworks-${CONFIGURATION}-output-files.xcfilelist",
			);
			runOnlyForDeploymentPostprocessing = 0;
			shellPath = /bin/sh;
			shellScript = "\"${PODS_ROOT}/Target Support Files/Pods-TrackAndTrace/Pods-TrackAndTrace-frameworks.sh\"\n";
			showEnvVarsInLog = 0;
		};
/* End PBXShellScriptBuildPhase section */

/* Begin PBXSourcesBuildPhase section */
		862F58102538F368003693B3 /* Sources */ = {
			isa = PBXSourcesBuildPhase;
			buildActionMask = 2147483647;
			files = (
				862F58182538F368003693B3 /* TrackAndTraceApp.swift in Sources */,
				BB01520AF8CF4BC5A698424D /* StartView.swift in Sources */,
				BB015D502B90190D545A67D9 /* GettingStartedView.swift in Sources */,
				BB01558E800264CC377B6067 /* ALoginView.swift in Sources */,
				BB015A9401464A9167A50175 /* Server.swift in Sources */,
				BB01565A4DE12698D91620FE /* SignInController.swift in Sources */,
				BB015412A01316A2653052C7 /* LoginView.swift in Sources */,
				BB015F4F124566C44C6E7B44 /* User.swift in Sources */,
				BB0153A58296DF5F8095840A /* HomeView.swift in Sources */,
				BB0158977F3E53AABFA7E0FF /* HomeTabView.swift in Sources */,
				BB0156F8459E858D9F1F1A94 /* SettingsTabView.swift in Sources */,
			);
			runOnlyForDeploymentPostprocessing = 0;
		};
/* End PBXSourcesBuildPhase section */

/* Begin XCBuildConfiguration section */
		862F58212538F36B003693B3 /* Debug */ = {
			isa = XCBuildConfiguration;
			buildSettings = {
				ALWAYS_SEARCH_USER_PATHS = NO;
				CLANG_ANALYZER_NONNULL = YES;
				CLANG_ANALYZER_NUMBER_OBJECT_CONVERSION = YES_AGGRESSIVE;
				CLANG_CXX_LANGUAGE_STANDARD = "gnu++14";
				CLANG_CXX_LIBRARY = "libc++";
				CLANG_ENABLE_MODULES = YES;
				CLANG_ENABLE_OBJC_ARC = YES;
				CLANG_ENABLE_OBJC_WEAK = YES;
				CLANG_WARN_BLOCK_CAPTURE_AUTORELEASING = YES;
				CLANG_WARN_BOOL_CONVERSION = YES;
				CLANG_WARN_COMMA = YES;
				CLANG_WARN_CONSTANT_CONVERSION = YES;
				CLANG_WARN_DEPRECATED_OBJC_IMPLEMENTATIONS = YES;
				CLANG_WARN_DIRECT_OBJC_ISA_USAGE = YES_ERROR;
				CLANG_WARN_DOCUMENTATION_COMMENTS = YES;
				CLANG_WARN_EMPTY_BODY = YES;
				CLANG_WARN_ENUM_CONVERSION = YES;
				CLANG_WARN_INFINITE_RECURSION = YES;
				CLANG_WARN_INT_CONVERSION = YES;
				CLANG_WARN_NON_LITERAL_NULL_CONVERSION = YES;
				CLANG_WARN_OBJC_IMPLICIT_RETAIN_SELF = YES;
				CLANG_WARN_OBJC_LITERAL_CONVERSION = YES;
				CLANG_WARN_OBJC_ROOT_CLASS = YES_ERROR;
				CLANG_WARN_QUOTED_INCLUDE_IN_FRAMEWORK_HEADER = YES;
				CLANG_WARN_RANGE_LOOP_ANALYSIS = YES;
				CLANG_WARN_STRICT_PROTOTYPES = YES;
				CLANG_WARN_SUSPICIOUS_MOVE = YES;
				CLANG_WARN_UNGUARDED_AVAILABILITY = YES_AGGRESSIVE;
				CLANG_WARN_UNREACHABLE_CODE = YES;
				CLANG_WARN__DUPLICATE_METHOD_MATCH = YES;
				COPY_PHASE_STRIP = NO;
				DEBUG_INFORMATION_FORMAT = dwarf;
				ENABLE_STRICT_OBJC_MSGSEND = YES;
				ENABLE_TESTABILITY = YES;
				GCC_C_LANGUAGE_STANDARD = gnu11;
				GCC_DYNAMIC_NO_PIC = NO;
				GCC_NO_COMMON_BLOCKS = YES;
				GCC_OPTIMIZATION_LEVEL = 0;
				GCC_PREPROCESSOR_DEFINITIONS = (
					"DEBUG=1",
					"$(inherited)",
				);
				GCC_WARN_64_TO_32_BIT_CONVERSION = YES;
				GCC_WARN_ABOUT_RETURN_TYPE = YES_ERROR;
				GCC_WARN_UNDECLARED_SELECTOR = YES;
				GCC_WARN_UNINITIALIZED_AUTOS = YES_AGGRESSIVE;
				GCC_WARN_UNUSED_FUNCTION = YES;
				GCC_WARN_UNUSED_VARIABLE = YES;
				IPHONEOS_DEPLOYMENT_TARGET = 14.2;
				MTL_ENABLE_DEBUG_INFO = INCLUDE_SOURCE;
				MTL_FAST_MATH = YES;
				ONLY_ACTIVE_ARCH = YES;
				SDKROOT = iphoneos;
				SWIFT_ACTIVE_COMPILATION_CONDITIONS = DEBUG;
				SWIFT_OPTIMIZATION_LEVEL = "-Onone";
			};
			name = Debug;
		};
		862F58222538F36B003693B3 /* Release */ = {
			isa = XCBuildConfiguration;
			buildSettings = {
				ALWAYS_SEARCH_USER_PATHS = NO;
				CLANG_ANALYZER_NONNULL = YES;
				CLANG_ANALYZER_NUMBER_OBJECT_CONVERSION = YES_AGGRESSIVE;
				CLANG_CXX_LANGUAGE_STANDARD = "gnu++14";
				CLANG_CXX_LIBRARY = "libc++";
				CLANG_ENABLE_MODULES = YES;
				CLANG_ENABLE_OBJC_ARC = YES;
				CLANG_ENABLE_OBJC_WEAK = YES;
				CLANG_WARN_BLOCK_CAPTURE_AUTORELEASING = YES;
				CLANG_WARN_BOOL_CONVERSION = YES;
				CLANG_WARN_COMMA = YES;
				CLANG_WARN_CONSTANT_CONVERSION = YES;
				CLANG_WARN_DEPRECATED_OBJC_IMPLEMENTATIONS = YES;
				CLANG_WARN_DIRECT_OBJC_ISA_USAGE = YES_ERROR;
				CLANG_WARN_DOCUMENTATION_COMMENTS = YES;
				CLANG_WARN_EMPTY_BODY = YES;
				CLANG_WARN_ENUM_CONVERSION = YES;
				CLANG_WARN_INFINITE_RECURSION = YES;
				CLANG_WARN_INT_CONVERSION = YES;
				CLANG_WARN_NON_LITERAL_NULL_CONVERSION = YES;
				CLANG_WARN_OBJC_IMPLICIT_RETAIN_SELF = YES;
				CLANG_WARN_OBJC_LITERAL_CONVERSION = YES;
				CLANG_WARN_OBJC_ROOT_CLASS = YES_ERROR;
				CLANG_WARN_QUOTED_INCLUDE_IN_FRAMEWORK_HEADER = YES;
				CLANG_WARN_RANGE_LOOP_ANALYSIS = YES;
				CLANG_WARN_STRICT_PROTOTYPES = YES;
				CLANG_WARN_SUSPICIOUS_MOVE = YES;
				CLANG_WARN_UNGUARDED_AVAILABILITY = YES_AGGRESSIVE;
				CLANG_WARN_UNREACHABLE_CODE = YES;
				CLANG_WARN__DUPLICATE_METHOD_MATCH = YES;
				COPY_PHASE_STRIP = NO;
				DEBUG_INFORMATION_FORMAT = "dwarf-with-dsym";
				ENABLE_NS_ASSERTIONS = NO;
				ENABLE_STRICT_OBJC_MSGSEND = YES;
				GCC_C_LANGUAGE_STANDARD = gnu11;
				GCC_NO_COMMON_BLOCKS = YES;
				GCC_WARN_64_TO_32_BIT_CONVERSION = YES;
				GCC_WARN_ABOUT_RETURN_TYPE = YES_ERROR;
				GCC_WARN_UNDECLARED_SELECTOR = YES;
				GCC_WARN_UNINITIALIZED_AUTOS = YES_AGGRESSIVE;
				GCC_WARN_UNUSED_FUNCTION = YES;
				GCC_WARN_UNUSED_VARIABLE = YES;
				IPHONEOS_DEPLOYMENT_TARGET = 14.2;
				MTL_ENABLE_DEBUG_INFO = NO;
				MTL_FAST_MATH = YES;
				SDKROOT = iphoneos;
				SWIFT_COMPILATION_MODE = wholemodule;
				SWIFT_OPTIMIZATION_LEVEL = "-O";
				VALIDATE_PRODUCT = YES;
			};
			name = Release;
		};
		862F58242538F36B003693B3 /* Debug */ = {
			isa = XCBuildConfiguration;
			baseConfigurationReference = 9AA0D8DE024AE80F2F90858E /* Pods-TrackAndTrace.debug.xcconfig */;
			buildSettings = {
				ASSETCATALOG_COMPILER_APPICON_NAME = AppIcon;
				ASSETCATALOG_COMPILER_GLOBAL_ACCENT_COLOR_NAME = AccentColor;
				CODE_SIGN_STYLE = Automatic;
				DEVELOPMENT_ASSET_PATHS = "\"TrackAndTrace/Preview Content\"";
				DEVELOPMENT_TEAM = 59D6M2U7SH;
				ENABLE_PREVIEWS = YES;
				INFOPLIST_FILE = TrackAndTrace/Info.plist;
				IPHONEOS_DEPLOYMENT_TARGET = 14.0;
				LD_RUNPATH_SEARCH_PATHS = (
					"$(inherited)",
					"@executable_path/Frameworks",
				);
				PRODUCT_BUNDLE_IDENTIFIER = com.jlange.TrackAndTrace;
				PRODUCT_NAME = "$(TARGET_NAME)";
				SWIFT_VERSION = 5.0;
				TARGETED_DEVICE_FAMILY = "1,2";
			};
			name = Debug;
		};
		862F58252538F36B003693B3 /* Release */ = {
			isa = XCBuildConfiguration;
			baseConfigurationReference = 78A0C9CBCB7D1966B8A37611 /* Pods-TrackAndTrace.release.xcconfig */;
			buildSettings = {
				ASSETCATALOG_COMPILER_APPICON_NAME = AppIcon;
				ASSETCATALOG_COMPILER_GLOBAL_ACCENT_COLOR_NAME = AccentColor;
				CODE_SIGN_STYLE = Automatic;
				DEVELOPMENT_ASSET_PATHS = "\"TrackAndTrace/Preview Content\"";
				DEVELOPMENT_TEAM = 59D6M2U7SH;
				ENABLE_PREVIEWS = YES;
				INFOPLIST_FILE = TrackAndTrace/Info.plist;
				IPHONEOS_DEPLOYMENT_TARGET = 14.0;
				LD_RUNPATH_SEARCH_PATHS = (
					"$(inherited)",
					"@executable_path/Frameworks",
				);
				PRODUCT_BUNDLE_IDENTIFIER = com.jlange.TrackAndTrace;
				PRODUCT_NAME = "$(TARGET_NAME)";
				SWIFT_VERSION = 5.0;
				TARGETED_DEVICE_FAMILY = "1,2";
			};
			name = Release;
		};
/* End XCBuildConfiguration section */

/* Begin XCConfigurationList section */
		862F580F2538F368003693B3 /* Build configuration list for PBXProject "TrackAndTrace" */ = {
			isa = XCConfigurationList;
			buildConfigurations = (
				862F58212538F36B003693B3 /* Debug */,
				862F58222538F36B003693B3 /* Release */,
			);
			defaultConfigurationIsVisible = 0;
			defaultConfigurationName = Release;
		};
		862F58232538F36B003693B3 /* Build configuration list for PBXNativeTarget "TrackAndTrace" */ = {
			isa = XCConfigurationList;
			buildConfigurations = (
				862F58242538F36B003693B3 /* Debug */,
				862F58252538F36B003693B3 /* Release */,
			);
			defaultConfigurationIsVisible = 0;
			defaultConfigurationName = Release;
		};
/* End XCConfigurationList section */
	};
	rootObject = 862F580C2538F368003693B3 /* Project object */;
}
